// !$*UTF8*$!
{
	archiveVersion = 1;
	classes = {
	};
	objectVersion = 50;
	objects = {

/* Begin PBXBuildFile section */
		4550F48025D9F61300F5236D /* StoriesView.swift in Sources */ = {isa = PBXBuildFile; fileRef = 4550F47F25D9F61300F5236D /* StoriesView.swift */; };
		4550F48325D9F64B00F5236D /* FBPost.swift in Sources */ = {isa = PBXBuildFile; fileRef = 4550F48225D9F64B00F5236D /* FBPost.swift */; };
		4554256E25D90A3800F4983D /* AppDelegate.swift in Sources */ = {isa = PBXBuildFile; fileRef = 4554256D25D90A3800F4983D /* AppDelegate.swift */; };
		4554257025D90A3800F4983D /* SceneDelegate.swift in Sources */ = {isa = PBXBuildFile; fileRef = 4554256F25D90A3800F4983D /* SceneDelegate.swift */; };
		4554257225D90A3800F4983D /* ContentView.swift in Sources */ = {isa = PBXBuildFile; fileRef = 4554257125D90A3800F4983D /* ContentView.swift */; };
		4554257425D90A3B00F4983D /* Assets.xcassets in Resources */ = {isa = PBXBuildFile; fileRef = 4554257325D90A3B00F4983D /* Assets.xcassets */; };
		4554257725D90A3B00F4983D /* Preview Assets.xcassets in Resources */ = {isa = PBXBuildFile; fileRef = 4554257625D90A3B00F4983D /* Preview Assets.xcassets */; };
		4554257A25D90A3C00F4983D /* LaunchScreen.storyboard in Resources */ = {isa = PBXBuildFile; fileRef = 4554257825D90A3C00F4983D /* LaunchScreen.storyboard */; };
/* End PBXBuildFile section */

/* Begin PBXFileReference section */
		4550F47F25D9F61300F5236D /* StoriesView.swift */ = {isa = PBXFileReference; lastKnownFileType = sourcecode.swift; path = StoriesView.swift; sourceTree = "<group>"; };
		4550F48225D9F64B00F5236D /* FBPost.swift */ = {isa = PBXFileReference; lastKnownFileType = sourcecode.swift; path = FBPost.swift; sourceTree = "<group>"; };
		4554256A25D90A3800F4983D /* FacebookHomeUI.app */ = {isa = PBXFileReference; explicitFileType = wrapper.application; includeInIndex = 0; path = FacebookHomeUI.app; sourceTree = BUILT_PRODUCTS_DIR; };
		4554256D25D90A3800F4983D /* AppDelegate.swift */ = {isa = PBXFileReference; lastKnownFileType = sourcecode.swift; path = AppDelegate.swift; sourceTree = "<group>"; };
		4554256F25D90A3800F4983D /* SceneDelegate.swift */ = {isa = PBXFileReference; lastKnownFileType = sourcecode.swift; path = SceneDelegate.swift; sourceTree = "<group>"; };
		4554257125D90A3800F4983D /* ContentView.swift */ = {isa = PBXFileReference; lastKnownFileType = sourcecode.swift; path = ContentView.swift; sourceTree = "<group>"; };
		4554257325D90A3B00F4983D /* Assets.xcassets */ = {isa = PBXFileReference; lastKnownFileType = folder.assetcatalog; path = Assets.xcassets; sourceTree = "<group>"; };
		4554257625D90A3B00F4983D /* Preview Assets.xcassets */ = {isa = PBXFileReference; lastKnownFileType = folder.assetcatalog; path = "Preview Assets.xcassets"; sourceTree = "<group>"; };
		4554257925D90A3C00F4983D /* Base */ = {isa = PBXFileReference; lastKnownFileType = file.storyboard; name = Base; path = Base.lproj/LaunchScreen.storyboard; sourceTree = "<group>"; };
		4554257B25D90A3C00F4983D /* Info.plist */ = {isa = PBXFileReference; lastKnownFileType = text.plist.xml; path = Info.plist; sourceTree = "<group>"; };
/* End PBXFileReference section */

/* Begin PBXFrameworksBuildPhase section */
		4554256725D90A3800F4983D /* Frameworks */ = {
			isa = PBXFrameworksBuildPhase;
			buildActionMask = 2147483647;
			files = (
			);
			runOnlyForDeploymentPostprocessing = 0;
		};
/* End PBXFrameworksBuildPhase section */

/* Begin PBXGroup section */
		4554256125D90A3800F4983D = {
			isa = PBXGroup;
			children = (
				4554256C25D90A3800F4983D /* FacebookHomeUI */,
				4554256B25D90A3800F4983D /* Products */,
			);
			sourceTree = "<group>";
		};
		4554256B25D90A3800F4983D /* Products */ = {
			isa = PBXGroup;
			children = (
				4554256A25D90A3800F4983D /* FacebookHomeUI.app */,
			);
			name = Products;
			sourceTree = "<group>";
		};
		4554256C25D90A3800F4983D /* FacebookHomeUI */ = {
			isa = PBXGroup;
			children = (
				4554256D25D90A3800F4983D /* AppDelegate.swift */,
				4554256F25D90A3800F4983D /* SceneDelegate.swift */,
				4554257125D90A3800F4983D /* ContentView.swift */,
				4550F47F25D9F61300F5236D /* StoriesView.swift */,
				4554257325D90A3B00F4983D /* Assets.xcassets */,
				4554257825D90A3C00F4983D /* LaunchScreen.storyboard */,
				4554257B25D90A3C00F4983D /* Info.plist */,
				4554257525D90A3B00F4983D /* Preview Content */,
				4550F48225D9F64B00F5236D /* FBPost.swift */,
			);
			path = FacebookHomeUI;
			sourceTree = "<group>";
		};
		4554257525D90A3B00F4983D /* Preview Content */ = {
			isa = PBXGroup;
			children = (
				4554257625D90A3B00F4983D /* Preview Assets.xcassets */,
			);
			path = "Preview Content";
			sourceTree = "<group>";
		};
/* End PBXGroup section */

/* Begin PBXNativeTarget section */
		4554256925D90A3800F4983D /* FacebookHomeUI */ = {
			isa = PBXNativeTarget;
			buildConfigurationList = 4554257E25D90A3C00F4983D /* Build configuration list for PBXNativeTarget "FacebookHomeUI" */;
			buildPhases = (
				4554256625D90A3800F4983D /* Sources */,
				4554256725D90A3800F4983D /* Frameworks */,
				4554256825D90A3800F4983D /* Resources */,
			);
			buildRules = (
			);
			dependencies = (
			);
			name = FacebookHomeUI;
			productName = FacebookHomeUI;
			productReference = 4554256A25D90A3800F4983D /* FacebookHomeUI.app */;
			productType = "com.apple.product-type.application";
		};
/* End PBXNativeTarget section */

/* Begin PBXProject section */
		4554256225D90A3800F4983D /* Project object */ = {
			isa = PBXProject;
			attributes = {
				LastSwiftUpdateCheck = 1200;
				LastUpgradeCheck = 1200;
				TargetAttributes = {
					4554256925D90A3800F4983D = {
						CreatedOnToolsVersion = 12.0.1;
					};
				};
			};
			buildConfigurationList = 4554256525D90A3800F4983D /* Build configuration list for PBXProject "FacebookHomeUI" */;
			compatibilityVersion = "Xcode 9.3";
			developmentRegion = en;
			hasScannedForEncodings = 0;
			knownRegions = (
				en,
				Base,
			);
			mainGroup = 4554256125D90A3800F4983D;
			productRefGroup = 4554256B25D90A3800F4983D /* Products */;
			projectDirPath = "";
			projectRoot = "";
			targets = (
				4554256925D90A3800F4983D /* FacebookHomeUI */,
			);
		};
/* End PBXProject section */

/* Begin PBXResourcesBuildPhase section */
		4554256825D90A3800F4983D /* Resources */ = {
			isa = PBXResourcesBuildPhase;
			buildActionMask = 2147483647;
			files = (
				4554257A25D90A3C00F4983D /* LaunchScreen.storyboard in Resources */,
				4554257725D90A3B00F4983D /* Preview Assets.xcassets in Resources */,
				4554257425D90A3B00F4983D /* Assets.xcassets in Resources */,
			);
			runOnlyForDeploymentPostprocessing = 0;
		};
/* End PBXResourcesBuildPhase section */

/* Begin PBXSourcesBuildPhase section */
		4554256625D90A3800F4983D /* Sources */ = {
			isa = PBXSourcesBuildPhase;
			buildActionMask = 2147483647;
			files = (
				4550F48025D9F61300F5236D /* StoriesView.swift in Sources */,
				4554256E25D90A3800F4983D /* AppDelegate.swift in Sources */,
				4550F48325D9F64B00F5236D /* FBPost.swift in Sources */,
				4554257025D90A3800F4983D /* SceneDelegate.swift in Sources */,
				4554257225D90A3800F4983D /* ContentView.swift in Sources */,
			);
			runOnlyForDeploymentPostprocessing = 0;
		};
/* End PBXSourcesBuildPhase section */

/* Begin PBXVariantGroup section */
		4554257825D90A3C00F4983D /* LaunchScreen.storyboard */ = {
			isa = PBXVariantGroup;
			children = (
				4554257925D90A3C00F4983D /* Base */,
			);
			name = LaunchScreen.storyboard;
			sourceTree = "<group>";
		};
/* End PBXVariantGroup section */

/* Begin XCBuildConfiguration section */
		4554257C25D90A3C00F4983D /* Debug */ = {
			isa = XCBuildConfiguration;
			buildSettings = {
				ALWAYS_SEARCH_USER_PATHS = NO;
				CLANG_ANALYZER_NONNULL = YES;
				CLANG_ANALYZER_NUMBER_OBJECT_CONVERSION = YES_AGGRESSIVE;
				CLANG_CXX_LANGUAGE_STANDARD = "gnu++14";
				CLANG_CXX_LIBRARY = "libc++";
				CLANG_ENABLE_MODULES = YES;
				CLANG_ENABLE_OBJC_ARC = YES;
				CLANG_ENABLE_OBJC_WEAK = YES;
				CLANG_WARN_BLOCK_CAPTURE_AUTORELEASING = YES;
				CLANG_WARN_BOOL_CONVERSION = YES;
				CLANG_WARN_COMMA = YES;
				CLANG_WARN_CONSTANT_CONVERSION = YES;
				CLANG_WARN_DEPRECATED_OBJC_IMPLEMENTATIONS = YES;
				CLANG_WARN_DIRECT_OBJC_ISA_USAGE = YES_ERROR;
				CLANG_WARN_DOCUMENTATION_COMMENTS = YES;
				CLANG_WARN_EMPTY_BODY = YES;
				CLANG_WARN_ENUM_CONVERSION = YES;
				CLANG_WARN_INFINITE_RECURSION = YES;
				CLANG_WARN_INT_CONVERSION = YES;
				CLANG_WARN_NON_LITERAL_NULL_CONVERSION = YES;
				CLANG_WARN_OBJC_IMPLICIT_RETAIN_SELF = YES;
				CLANG_WARN_OBJC_LITERAL_CONVERSION = YES;
				CLANG_WARN_OBJC_ROOT_CLASS = YES_ERROR;
				CLANG_WARN_QUOTED_INCLUDE_IN_FRAMEWORK_HEADER = YES;
				CLANG_WARN_RANGE_LOOP_ANALYSIS = YES;
				CLANG_WARN_STRICT_PROTOTYPES = YES;
				CLANG_WARN_SUSPICIOUS_MOVE = YES;
				CLANG_WARN_UNGUARDED_AVAILABILITY = YES_AGGRESSIVE;
				CLANG_WARN_UNREACHABLE_CODE = YES;
				CLANG_WARN__DUPLICATE_METHOD_MATCH = YES;
				COPY_PHASE_STRIP = NO;
				DEBUG_INFORMATION_FORMAT = dwarf;
				ENABLE_STRICT_OBJC_MSGSEND = YES;
				ENABLE_TESTABILITY = YES;
				GCC_C_LANGUAGE_STANDARD = gnu11;
				GCC_DYNAMIC_NO_PIC = NO;
				GCC_NO_COMMON_BLOCKS = YES;
				GCC_OPTIMIZATION_LEVEL = 0;
				GCC_PREPROCESSOR_DEFINITIONS = (
					"DEBUG=1",
					"$(inherited)",
				);
				GCC_WARN_64_TO_32_BIT_CONVERSION = YES;
				GCC_WARN_ABOUT_RETURN_TYPE = YES_ERROR;
				GCC_WARN_UNDECLARED_SELECTOR = YES;
				GCC_WARN_UNINITIALIZED_AUTOS = YES_AGGRESSIVE;
				GCC_WARN_UNUSED_FUNCTION = YES;
				GCC_WARN_UNUSED_VARIABLE = YES;
				IPHONEOS_DEPLOYMENT_TARGET = 14.0;
				MTL_ENABLE_DEBUG_INFO = INCLUDE_SOURCE;
				MTL_FAST_MATH = YES;
				ONLY_ACTIVE_ARCH = YES;
				SDKROOT = iphoneos;
				SWIFT_ACTIVE_COMPILATION_CONDITIONS = DEBUG;
				SWIFT_OPTIMIZATION_LEVEL = "-Onone";
			};
			name = Debug;
		};
		4554257D25D90A3C00F4983D /* Release */ = {
			isa = XCBuildConfiguration;
			buildSettings = {
				ALWAYS_SEARCH_USER_PATHS = NO;
				CLANG_ANALYZER_NONNULL = YES;
				CLANG_ANALYZER_NUMBER_OBJECT_CONVERSION = YES_AGGRESSIVE;
				CLANG_CXX_LANGUAGE_STANDARD = "gnu++14";
				CLANG_CXX_LIBRARY = "libc++";
				CLANG_ENABLE_MODULES = YES;
				CLANG_ENABLE_OBJC_ARC = YES;
				CLANG_ENABLE_OBJC_WEAK = YES;
				CLANG_WARN_BLOCK_CAPTURE_AUTORELEASING = YES;
				CLANG_WARN_BOOL_CONVERSION = YES;
				CLANG_WARN_COMMA = YES;
				CLANG_WARN_CONSTANT_CONVERSION = YES;
				CLANG_WARN_DEPRECATED_OBJC_IMPLEMENTATIONS = YES;
				CLANG_WARN_DIRECT_OBJC_ISA_USAGE = YES_ERROR;
				CLANG_WARN_DOCUMENTATION_COMMENTS = YES;
				CLANG_WARN_EMPTY_BODY = YES;
				CLANG_WARN_ENUM_CONVERSION = YES;
				CLANG_WARN_INFINITE_RECURSION = YES;
				CLANG_WARN_INT_CONVERSION = YES;
				CLANG_WARN_NON_LITERAL_NULL_CONVERSION = YES;
				CLANG_WARN_OBJC_IMPLICIT_RETAIN_SELF = YES;
				CLANG_WARN_OBJC_LITERAL_CONVERSION = YES;
				CLANG_WARN_OBJC_ROOT_CLASS = YES_ERROR;
				CLANG_WARN_QUOTED_INCLUDE_IN_FRAMEWORK_HEADER = YES;
				CLANG_WARN_RANGE_LOOP_ANALYSIS = YES;
				CLANG_WARN_STRICT_PROTOTYPES = YES;
				CLANG_WARN_SUSPICIOUS_MOVE = YES;
				CLANG_WARN_UNGUARDED_AVAILABILITY = YES_AGGRESSIVE;
				CLANG_WARN_UNREACHABLE_CODE = YES;
				CLANG_WARN__DUPLICATE_METHOD_MATCH = YES;
				COPY_PHASE_STRIP = NO;
				DEBUG_INFORMATION_FORMAT = "dwarf-with-dsym";
				ENABLE_NS_ASSERTIONS = NO;
				ENABLE_STRICT_OBJC_MSGSEND = YES;
				GCC_C_LANGUAGE_STANDARD = gnu11;
				GCC_NO_COMMON_BLOCKS = YES;
				GCC_WARN_64_TO_32_BIT_CONVERSION = YES;
				GCC_WARN_ABOUT_RETURN_TYPE = YES_ERROR;
				GCC_WARN_UNDECLARED_SELECTOR = YES;
				GCC_WARN_UNINITIALIZED_AUTOS = YES_AGGRESSIVE;
				GCC_WARN_UNUSED_FUNCTION = YES;
				GCC_WARN_UNUSED_VARIABLE = YES;
				IPHONEOS_DEPLOYMENT_TARGET = 14.0;
				MTL_ENABLE_DEBUG_INFO = NO;
				MTL_FAST_MATH = YES;
				SDKROOT = iphoneos;
				SWIFT_COMPILATION_MODE = wholemodule;
				SWIFT_OPTIMIZATION_LEVEL = "-O";
				VALIDATE_PRODUCT = YES;
			};
			name = Release;
		};
		4554257F25D90A3C00F4983D /* Debug */ = {
			isa = XCBuildConfiguration;
			buildSettings = {
				ASSETCATALOG_COMPILER_APPICON_NAME = AppIcon;
				ASSETCATALOG_COMPILER_GLOBAL_ACCENT_COLOR_NAME = AccentColor;
				CODE_SIGN_STYLE = Automatic;
				DEVELOPMENT_ASSET_PATHS = "\"FacebookHomeUI/Preview Content\"";
				DEVELOPMENT_TEAM = ARU7XMZQHG;
				ENABLE_PREVIEWS = YES;
				INFOPLIST_FILE = FacebookHomeUI/Info.plist;
				LD_RUNPATH_SEARCH_PATHS = (
					"$(inherited)",
					"@executable_path/Frameworks",
				);
				PRODUCT_BUNDLE_IDENTIFIER = com.mustafaUysal.FacebookHomeUI;
				PRODUCT_NAME = "$(TARGET_NAME)";
				SWIFT_VERSION = 5.0;
				TARGETED_DEVICE_FAMILY = "1,2";
			};
			name = Debug;
		};
		4554258025D90A3C00F4983D /* Release */ = {
			isa = XCBuildConfiguration;
			buildSettings = {
				ASSETCATALOG_COMPILER_APPICON_NAME = AppIcon;
				ASSETCATALOG_COMPILER_GLOBAL_ACCENT_COLOR_NAME = AccentColor;
				CODE_SIGN_STYLE = Automatic;
				DEVELOPMENT_ASSET_PATHS = "\"FacebookHomeUI/Preview Content\"";
				DEVELOPMENT_TEAM = ARU7XMZQHG;
				ENABLE_PREVIEWS = YES;
				INFOPLIST_FILE = FacebookHomeUI/Info.plist;
				LD_RUNPATH_SEARCH_PATHS = (
					"$(inherited)",
					"@executable_path/Frameworks",
				);
				PRODUCT_BUNDLE_IDENTIFIER = com.mustafaUysal.FacebookHomeUI;
				PRODUCT_NAME = "$(TARGET_NAME)";
				SWIFT_VERSION = 5.0;
				TARGETED_DEVICE_FAMILY = "1,2";
			};
			name = Release;
		};
/* End XCBuildConfiguration section */

/* Begin XCConfigurationList section */
		4554256525D90A3800F4983D /* Build configuration list for PBXProject "FacebookHomeUI" */ = {
			isa = XCConfigurationList;
			buildConfigurations = (
				4554257C25D90A3C00F4983D /* Debug */,
				4554257D25D90A3C00F4983D /* Release */,
			);
			defaultConfigurationIsVisible = 0;
			defaultConfigurationName = Release;
		};
		4554257E25D90A3C00F4983D /* Build configuration list for PBXNativeTarget "FacebookHomeUI" */ = {
			isa = XCConfigurationList;
			buildConfigurations = (
				4554257F25D90A3C00F4983D /* Debug */,
				4554258025D90A3C00F4983D /* Release */,
			);
			defaultConfigurationIsVisible = 0;
			defaultConfigurationName = Release;
		};
/* End XCConfigurationList section */
	};
	rootObject = 4554256225D90A3800F4983D /* Project object */;
}
